
Microsoft Visual Studio Solution File, Format Version 12.00
# Visual Studio Version 17
VisualStudioVersion = 17.7.34031.279
MinimumVisualStudioVersion = 10.0.40219.1
Project("{FAE04EC0-301F-11D3-BF4B-00C04F79EFBC}") = "CpCafeteria", "CpCafeteria\CpCafeteria.csproj", "{856CD50D-BFEC-43F1-B25E-4F2FC17AF5CD}"
EndProject
Project("{FAE04EC0-301F-11D3-BF4B-00C04F79EFBC}") = "CadCafeteria", "CadCafeteria\CadCafeteria.csproj", "{B743EF76-4B8F-48A4-87D2-D9FC42B57F42}"
EndProject
Project("{FAE04EC0-301F-11D3-BF4B-00C04F79EFBC}") = "ClnCafeteria", "ClnCafeteria\ClnCafeteria.csproj", "{90C392CA-E796-4E64-81D1-9D53C7570545}"
EndProject
Global
	GlobalSection(SolutionConfigurationPlatforms) = preSolution
		Debug|Any CPU = Debug|Any CPU
		Release|Any CPU = Release|Any CPU
	EndGlobalSection
	GlobalSection(ProjectConfigurationPlatforms) = postSolution
		{856CD50D-BFEC-43F1-B25E-4F2FC17AF5CD}.Debug|Any CPU.ActiveCfg = Debug|Any CPU
		{856CD50D-BFEC-43F1-B25E-4F2FC17AF5CD}.Debug|Any CPU.Build.0 = Debug|Any CPU
		{856CD50D-BFEC-43F1-B25E-4F2FC17AF5CD}.Release|Any CPU.ActiveCfg = Release|Any CPU
		{856CD50D-BFEC-43F1-B25E-4F2FC17AF5CD}.Release|Any CPU.Build.0 = Release|Any CPU
		{B743EF76-4B8F-48A4-87D2-D9FC42B57F42}.Debug|Any CPU.ActiveCfg = Debug|Any CPU
		{B743EF76-4B8F-48A4-87D2-D9FC42B57F42}.Debug|Any CPU.Build.0 = Debug|Any CPU
		{B743EF76-4B8F-48A4-87D2-D9FC42B57F42}.Release|Any CPU.ActiveCfg = Release|Any CPU
		{B743EF76-4B8F-48A4-87D2-D9FC42B57F42}.Release|Any CPU.Build.0 = Release|Any CPU
		{90C392CA-E796-4E64-81D1-9D53C7570545}.Debug|Any CPU.ActiveCfg = Debug|Any CPU
		{90C392CA-E796-4E64-81D1-9D53C7570545}.Debug|Any CPU.Build.0 = Debug|Any CPU
		{90C392CA-E796-4E64-81D1-9D53C7570545}.Release|Any CPU.ActiveCfg = Release|Any CPU
		{90C392CA-E796-4E64-81D1-9D53C7570545}.Release|Any CPU.Build.0 = Release|Any CPU
	EndGlobalSection
	GlobalSection(SolutionProperties) = preSolution
		HideSolutionNode = FALSE
	EndGlobalSection
	GlobalSection(ExtensibilityGlobals) = postSolution
		SolutionGuid = {68710138-69A3-4482-829F-24D03AD210FC}
	EndGlobalSection
EndGlobal
